
Microsoft Visual Studio Solution File, Format Version 12.00
# Visual Studio 15
VisualStudioVersion = 15.0.28010.2041
MinimumVisualStudioVersion = 10.0.40219.1
Project("{8BC9CEB8-8B4A-11D0-8D11-00A0C91BC942}") = "ShowInColor", "ShowInColor\ShowInColor.vcxproj", "{70BBA420-C5F8-4523-98AD-4B9F244F06A0}"
EndProject
Global
	GlobalSection(SolutionConfigurationPlatforms) = preSolution
		Debug|x64 = Debug|x64
		Debug|x86 = Debug|x86
		Release|x64 = Release|x64
		Release|x86 = Release|x86
	EndGlobalSection
	GlobalSection(ProjectConfigurationPlatforms) = postSolution
		{70BBA420-C5F8-4523-98AD-4B9F244F06A0}.Debug|x64.ActiveCfg = Debug|x64
		{70BBA420-C5F8-4523-98AD-4B9F244F06A0}.Debug|x64.Build.0 = Debug|x64
		{70BBA420-C5F8-4523-98AD-4B9F244F06A0}.Debug|x86.ActiveCfg = Debug|Win32
		{70BBA420-C5F8-4523-98AD-4B9F244F06A0}.Debug|x86.Build.0 = Debug|Win32
		{70BBA420-C5F8-4523-98AD-4B9F244F06A0}.Release|x64.ActiveCfg = Release|x64
		{70BBA420-C5F8-4523-98AD-4B9F244F06A0}.Release|x64.Build.0 = Release|x64
		{70BBA420-C5F8-4523-98AD-4B9F244F06A0}.Release|x86.ActiveCfg = Release|Win32
		{70BBA420-C5F8-4523-98AD-4B9F244F06A0}.Release|x86.Build.0 = Release|Win32
	EndGlobalSection
	GlobalSection(SolutionProperties) = preSolution
		HideSolutionNode = FALSE
	EndGlobalSection
	GlobalSection(ExtensibilityGlobals) = postSolution
		SolutionGuid = {355D9520-70F2-4FE0-97AA-A7F848557818}
	EndGlobalSection
EndGlobal
