
Microsoft Visual Studio Solution File, Format Version 12.00
# Visual Studio 15
VisualStudioVersion = 15.0.28010.2041
MinimumVisualStudioVersion = 10.0.40219.1
Project("{8BC9CEB8-8B4A-11D0-8D11-00A0C91BC942}") = "code-jam_Foregone-Solution", "code-jam_Foregone-Solution\code-jam_Foregone-Solution.vcxproj", "{C78FA34D-129E-4B1B-BB3C-4DB3FF12A3BC}"
EndProject
Global
	GlobalSection(SolutionConfigurationPlatforms) = preSolution
		Debug|x64 = Debug|x64
		Debug|x86 = Debug|x86
		Release|x64 = Release|x64
		Release|x86 = Release|x86
	EndGlobalSection
	GlobalSection(ProjectConfigurationPlatforms) = postSolution
		{C78FA34D-129E-4B1B-BB3C-4DB3FF12A3BC}.Debug|x64.ActiveCfg = Debug|x64
		{C78FA34D-129E-4B1B-BB3C-4DB3FF12A3BC}.Debug|x64.Build.0 = Debug|x64
		{C78FA34D-129E-4B1B-BB3C-4DB3FF12A3BC}.Debug|x86.ActiveCfg = Debug|Win32
		{C78FA34D-129E-4B1B-BB3C-4DB3FF12A3BC}.Debug|x86.Build.0 = Debug|Win32
		{C78FA34D-129E-4B1B-BB3C-4DB3FF12A3BC}.Release|x64.ActiveCfg = Release|x64
		{C78FA34D-129E-4B1B-BB3C-4DB3FF12A3BC}.Release|x64.Build.0 = Release|x64
		{C78FA34D-129E-4B1B-BB3C-4DB3FF12A3BC}.Release|x86.ActiveCfg = Release|Win32
		{C78FA34D-129E-4B1B-BB3C-4DB3FF12A3BC}.Release|x86.Build.0 = Release|Win32
	EndGlobalSection
	GlobalSection(SolutionProperties) = preSolution
		HideSolutionNode = FALSE
	EndGlobalSection
	GlobalSection(ExtensibilityGlobals) = postSolution
		SolutionGuid = {4930485E-BB2F-483E-82F7-EA808C29558C}
	EndGlobalSection
EndGlobal
